{
  "version": 4,
  "terraform_version": "1.1.4",
  "serial": 111,
  "lineage": "243cb628-c17c-6c4c-5a1e-84e2a10d3d75",
  "outputs": {},
  "resources": [
    {
      "mode": "managed",
      "type": "google_compute_network",
      "name": "vpc",
      "provider": "provider[\"registry.terraform.io/hashicorp/google\"]",
      "instances": [
        {
          "schema_version": 0,
          "attributes": {
            "auto_create_subnetworks": false,
            "delete_default_routes_on_create": false,
            "description": "",
            "gateway_ipv4": "",
            "id": "projects/test-339001/global/networks/test-339001-vpc",
            "mtu": 1500,
            "name": "test-339001-vpc",
            "project": "test-339001",
            "routing_mode": "REGIONAL",
            "self_link": "https://www.googleapis.com/compute/v1/projects/test-339001/global/networks/test-339001-vpc",
            "timeouts": null
          },
          "sensitive_attributes": [],
          "private": "eyJlMmJmYjczMC1lY2FhLTExZTYtOGY4OC0zNDM2M2JjN2M0YzAiOnsiY3JlYXRlIjoyNDAwMDAwMDAwMDAsImRlbGV0ZSI6MjQwMDAwMDAwMDAwLCJ1cGRhdGUiOjI0MDAwMDAwMDAwMH19"
        }
      ]
    },
    {
      "mode": "managed",
      "type": "google_compute_subnetwork",
      "name": "subnet",
      "provider": "provider[\"registry.terraform.io/hashicorp/google\"]",
      "instances": [
        {
          "schema_version": 0,
          "attributes": {
            "creation_timestamp": "2022-01-24T09:53:40.856-08:00",
            "description": "",
            "external_ipv6_prefix": "",
            "fingerprint": null,
            "gateway_address": "10.10.0.1",
            "id": "projects/test-339001/regions/us-east1/subnetworks/test-339001-subnet",
            "ip_cidr_range": "10.10.0.0/24",
            "ipv6_access_type": "",
            "ipv6_cidr_range": "",
            "log_config": [],
            "name": "test-339001-subnet",
            "network": "https://www.googleapis.com/compute/v1/projects/test-339001/global/networks/test-339001-vpc",
            "private_ip_google_access": false,
            "private_ipv6_google_access": "DISABLE_GOOGLE_ACCESS",
            "project": "test-339001",
            "purpose": "PRIVATE",
            "region": "us-east1",
            "role": "",
            "secondary_ip_range": [],
            "self_link": "https://www.googleapis.com/compute/v1/projects/test-339001/regions/us-east1/subnetworks/test-339001-subnet",
            "stack_type": "IPV4_ONLY",
            "timeouts": null
          },
          "sensitive_attributes": [],
          "private": "eyJlMmJmYjczMC1lY2FhLTExZTYtOGY4OC0zNDM2M2JjN2M0YzAiOnsiY3JlYXRlIjozNjAwMDAwMDAwMDAsImRlbGV0ZSI6MzYwMDAwMDAwMDAwLCJ1cGRhdGUiOjM2MDAwMDAwMDAwMH19",
          "dependencies": [
            "google_compute_network.vpc"
          ]
        }
      ]
    },
    {
      "mode": "managed",
      "type": "google_container_cluster",
      "name": "primary",
      "provider": "provider[\"registry.terraform.io/hashicorp/google\"]",
      "instances": [
        {
          "schema_version": 1,
          "attributes": {
            "addons_config": [
              {
                "cloudrun_config": [],
                "horizontal_pod_autoscaling": [],
                "http_load_balancing": [],
                "network_policy_config": [
                  {
                    "disabled": true
                  }
                ]
              }
            ],
            "authenticator_groups_config": [],
            "cluster_autoscaling": [
              {
                "auto_provisioning_defaults": [],
                "enabled": false,
                "resource_limits": []
              }
            ],
            "cluster_ipv4_cidr": "10.4.0.0/14",
            "database_encryption": [
              {
                "key_name": "",
                "state": "DECRYPTED"
              }
            ],
            "datapath_provider": "",
            "default_max_pods_per_node": 110,
            "default_snat_status": [
              {
                "disabled": false
              }
            ],
            "description": "",
            "enable_autopilot": false,
            "enable_binary_authorization": false,
            "enable_intranode_visibility": false,
            "enable_kubernetes_alpha": false,
            "enable_legacy_abac": false,
            "enable_shielded_nodes": false,
            "enable_tpu": false,
            "endpoint": "34.73.55.198",
            "id": "projects/test-339001/locations/us-east1/clusters/test-339001-gke",
            "initial_node_count": 1,
            "instance_group_urls": [],
            "ip_allocation_policy": [
              {
                "cluster_ipv4_cidr_block": "10.4.0.0/14",
                "cluster_secondary_range_name": "gke-test-339001-gke-pods-d5131968",
                "services_ipv4_cidr_block": "10.8.0.0/20",
                "services_secondary_range_name": "gke-test-339001-gke-services-d5131968"
              }
            ],
            "label_fingerprint": "a9dc16a7",
            "location": "us-east1",
            "logging_config": [
              {
                "enable_components": [
                  "SYSTEM_COMPONENTS",
                  "WORKLOADS"
                ]
              }
            ],
            "logging_service": "logging.googleapis.com/kubernetes",
            "maintenance_policy": [],
            "master_auth": [
              {
                "client_certificate": "",
                "client_certificate_config": [
                  {
                    "issue_client_certificate": false
                  }
                ],
                "client_key": "",
                "cluster_ca_certificate": "LS0tLS1CRUdJTiBDRVJUSUZJQ0FURS0tLS0tCk1JSUVMRENDQXBTZ0F3SUJBZ0lRVEpKaE9NWE9qTnlPbHRaWnhnSzBrakFOQmdrcWhraUc5dzBCQVFzRkFEQXYKTVMwd0t3WURWUVFERXlSbVpESXhZelJtT1MwNFpUVmpMVFJsTWpjdE9ESmpNaTFoWmpsbVpEWmtOVEZrWkRZdwpJQmNOTWpJd01USTBNVFkxTXpVMVdoZ1BNakExTWpBeE1UY3hOelV6TlRWYU1DOHhMVEFyQmdOVkJBTVRKR1prCk1qRmpOR1k1TFRobE5XTXROR1V5TnkwNE1tTXlMV0ZtT1daa05tUTFNV1JrTmpDQ0FhSXdEUVlKS29aSWh2Y04KQVFFQkJRQURnZ0dQQURDQ0FZb0NnZ0dCQUtzTmtoeC9tY0o4bjdlLzRtTXEwMmYwSlpSdDloa2JqWndCUXFaNwpLOUJmeEIwMVZQMzkwN25ZNm1vM002L2NialdiMVJVdmp6NG1MdVRvUHBGZmdsaVIrMGNqUTNUTlp4ODdPdlh3CmU3UGg0ZEMwTUZXYkVubXdGNk5ZcUhFRWxjTEI5bTNUaER4bld6N2FaM0t4c3ZEUjhOZXRSTHNuT2UvVXI5UkMKZ2REc1d6VmN0R3krQ0FIbjdzVDdBcVZNanNqdUdOVlQ0bXdaZDRIUG1GNHFMVmRmeXhCR0Y2cTdwcjFXKzYxdApyQnJGTzBCc2NsNWNtQ3RBM2FBZGhTLzN2TnhianhEWjNHSE5LM255TWtjREMyWldrcGhSeS9Td012b1VGUVpGCnRsWlhrQ2ZFdFlZQzREZzVyclhzeWRodzlScHExdUNWSUV5TGdXZ2YrZWM3bjA0MGh3emRUU1FBa2wrMUhWUFQKek1MdzNzVHdTZ1FnN1Z5WE1YWmxVc0lNb3MySW14RWpNeVdKVG1MVXJDYlVHWDJmdkpvSG9LNFBWU1Ftd2VRWgpmSVd2Slc2UmtXZExQT1RwTTJFLzE5UEJEcXRkTmVhUmZ6bW1tZ01zSW94WVdpSFJWNDY5SWVtSUsramtwejNJCmNibVU5S0JDT29YeGtNaVp0aGorbThZKzhRSURBUUFCbzBJd1FEQU9CZ05WSFE4QkFmOEVCQU1DQWdRd0R3WUQKVlIwVEFRSC9CQVV3QXdFQi96QWRCZ05WSFE0RUZnUVViZTc1REVNSEZucWg4VHJmbEU3K3poMFNPN0V3RFFZSgpLb1pJaHZjTkFRRUxCUUFEZ2dHQkFJOUZEUnBmdHJPMGgvY0ZSRW5RM29UVnJVM0NoczNuSjIzVjV2V3JUTkRlClpYWmxkRFJCNFMrMytyNG50Tmh1aW9KZTFhUlJIcVB5RU9CM3E4c09aZEUzT3huNGdBdExPdVFHTm90R1B0MmsKRGdxUTRwSXFoL1Vud0RRaktwOVd1cmRnR3BUTDk2Mi9EYldKamZCZFZDeFlTRUhsOEk4RjhuOHFJS1VXbVpSNQpYSktFc3Z3Z3NJNmExbmNsZ21Md2JLNjc0aXQ2MXJ2S2xhNk5NRHNzZW5UU3ZZejFBSElzNjYxazZjaklsK0dZCjIzeEROSGNLcUFJWDdCaDhTZE5zMDBZQUtJOUZEUUZzZE5YSS9XSFlTUU56ajBua3NMcUh2RUxHZTlxOUEzOWQKZXpNU1pVRjhTbFRtdXZhTjZQUTNTMmc5ZzRDR2NlQ0xnL3pGd0ZvdFNyZkE4ejl0dXp3SWxQT28rbUNweTM3TgpwU2VweVJFQjdMVVNmRytsa1VTUllYdUMyZVBTNHlFWGJaZ05JOEFTNkhXUmliRGJKVFF0MXgra0hMQ2dBZElRCjVwTks5QzhCbFdTeDNVeTM4aWlKSjhjeWJYNTl1Q2UwazZpeUFBVlVmc1VVcjVoTlhFemJ5M3ZpWmIxeU4yMUgKSzNYVEV5bmFiemUzMlNaR1hpSCtqZz09Ci0tLS0tRU5EIENFUlRJRklDQVRFLS0tLS0K",
                "password": "",
                "username": ""
              }
            ],
            "master_authorized_networks_config": [],
            "master_version": "1.21.5-gke.1302",
            "min_master_version": null,
            "monitoring_config": [
              {
                "enable_components": [
                  "SYSTEM_COMPONENTS"
                ]
              }
            ],
            "monitoring_service": "monitoring.googleapis.com/kubernetes",
            "name": "test-339001-gke",
            "network": "projects/test-339001/global/networks/test-339001-vpc",
            "network_policy": [
              {
                "enabled": false,
                "provider": "PROVIDER_UNSPECIFIED"
              }
            ],
            "networking_mode": "VPC_NATIVE",
            "node_config": [],
            "node_locations": [
              "us-east1-b",
              "us-east1-c",
              "us-east1-d"
            ],
            "node_pool": [],
            "node_version": "1.21.5-gke.1302",
            "operation": null,
            "pod_security_policy_config": [],
            "private_cluster_config": [],
            "private_ipv6_google_access": "",
            "project": "test-339001",
            "release_channel": [
              {
                "channel": "REGULAR"
              }
            ],
            "remove_default_node_pool": true,
            "resource_labels": null,
            "resource_usage_export_config": [],
            "self_link": "https://container.googleapis.com/v1beta1/projects/test-339001/locations/us-east1/clusters/test-339001-gke",
            "services_ipv4_cidr": "10.8.0.0/20",
            "subnetwork": "projects/test-339001/regions/us-east1/subnetworks/test-339001-subnet",
            "timeouts": null,
            "tpu_ipv4_cidr_block": "",
            "vertical_pod_autoscaling": [],
            "workload_identity_config": []
          },
          "sensitive_attributes": [],
          "private": "eyJlMmJmYjczMC1lY2FhLTExZTYtOGY4OC0zNDM2M2JjN2M0YzAiOnsiY3JlYXRlIjoyNDAwMDAwMDAwMDAwLCJkZWxldGUiOjI0MDAwMDAwMDAwMDAsInJlYWQiOjI0MDAwMDAwMDAwMDAsInVwZGF0ZSI6MzYwMDAwMDAwMDAwMH0sInNjaGVtYV92ZXJzaW9uIjoiMSJ9",
          "dependencies": [
            "google_compute_network.vpc",
            "google_compute_subnetwork.subnet"
          ]
        }
      ]
    },
    {
      "mode": "managed",
      "type": "google_container_node_pool",
      "name": "primary_nodes",
      "provider": "provider[\"registry.terraform.io/hashicorp/google\"]",
      "instances": [
        {
          "schema_version": 1,
          "attributes": {
            "autoscaling": [],
            "cluster": "test-339001-gke",
            "id": "projects/test-339001/locations/us-east1/clusters/test-339001-gke/nodePools/test-339001-gke-node-pool",
            "initial_node_count": 1,
            "instance_group_urls": [
              "https://www.googleapis.com/compute/v1/projects/test-339001/zones/us-east1-d/instanceGroupManagers/gke-test-339001-gke-test-339001-gke-n-69ed0cf5-grp",
              "https://www.googleapis.com/compute/v1/projects/test-339001/zones/us-east1-b/instanceGroupManagers/gke-test-339001-gke-test-339001-gke-n-466a269f-grp",
              "https://www.googleapis.com/compute/v1/projects/test-339001/zones/us-east1-c/instanceGroupManagers/gke-test-339001-gke-test-339001-gke-n-1f0ad519-grp"
            ],
            "location": "us-east1",
            "management": [
              {
                "auto_repair": true,
                "auto_upgrade": true
              }
            ],
            "max_pods_per_node": 110,
            "name": "test-339001-gke-node-pool",
            "name_prefix": "",
            "node_config": [
              {
                "disk_size_gb": 100,
                "disk_type": "pd-standard",
                "guest_accelerator": [],
                "image_type": "COS_CONTAINERD",
                "labels": {
                  "env": "test-339001"
                },
                "local_ssd_count": 0,
                "machine_type": "n1-standard-1",
                "metadata": {
                  "disable-legacy-endpoints": "true"
                },
                "min_cpu_platform": "",
                "oauth_scopes": [
                  "https://www.googleapis.com/auth/logging.write",
                  "https://www.googleapis.com/auth/monitoring"
                ],
                "preemptible": false,
                "service_account": "default",
                "shielded_instance_config": [
                  {
                    "enable_integrity_monitoring": true,
                    "enable_secure_boot": false
                  }
                ],
                "tags": [
                  "gke-node",
                  "test-339001-gke"
                ],
                "taint": [],
                "workload_metadata_config": []
              }
            ],
            "node_count": 1,
            "node_locations": [
              "us-east1-b",
              "us-east1-c",
              "us-east1-d"
            ],
            "operation": null,
            "project": "test-339001",
            "timeouts": null,
            "upgrade_settings": [
              {
                "max_surge": 1,
                "max_unavailable": 0
              }
            ],
            "version": "1.21.5-gke.1302"
          },
          "sensitive_attributes": [],
          "private": "eyJlMmJmYjczMC1lY2FhLTExZTYtOGY4OC0zNDM2M2JjN2M0YzAiOnsiY3JlYXRlIjoxODAwMDAwMDAwMDAwLCJkZWxldGUiOjE4MDAwMDAwMDAwMDAsInVwZGF0ZSI6MTgwMDAwMDAwMDAwMH0sInNjaGVtYV92ZXJzaW9uIjoiMSJ9",
          "dependencies": [
            "google_compute_network.vpc",
            "google_compute_subnetwork.subnet",
            "google_container_cluster.primary"
          ]
        }
      ]
    },
    {
      "mode": "managed",
      "type": "random_integer",
      "name": "int",
      "provider": "provider[\"registry.terraform.io/hashicorp/random\"]",
      "instances": [
        {
          "schema_version": 0,
          "attributes": {
            "id": "409727",
            "keepers": null,
            "max": 1000000,
            "min": 100,
            "result": 409727,
            "seed": null
          },
          "sensitive_attributes": [],
          "private": "bnVsbA=="
        }
      ]
    }
  ]
}
