{
  "version": 4,
  "terraform_version": "1.1.4",
  "serial": 114,
  "lineage": "38984ca7-ea41-21e6-d8b1-c3be16a063aa",
  "outputs": {},
  "resources": [
    {
      "mode": "managed",
      "type": "google_compute_firewall",
      "name": "allow-http",
      "provider": "provider[\"registry.terraform.io/hashicorp/google\"]",
      "instances": [
        {
          "schema_version": 1,
          "attributes": {
            "allow": [
              {
                "ports": [
                  "80"
                ],
                "protocol": "tcp"
              }
            ],
            "creation_timestamp": "2022-01-23T18:24:35.516-08:00",
            "deny": [],
            "description": "",
            "destination_ranges": [],
            "direction": "INGRESS",
            "disabled": false,
            "enable_logging": null,
            "id": "projects/test-339001/global/firewalls/tf-fw-allow-http",
            "log_config": [],
            "name": "tf-fw-allow-http",
            "network": "https://www.googleapis.com/compute/v1/projects/test-339001/global/networks/default",
            "priority": 1000,
            "project": "test-339001",
            "self_link": "https://www.googleapis.com/compute/v1/projects/test-339001/global/firewalls/tf-fw-allow-http",
            "source_ranges": [
              "0.0.0.0/0"
            ],
            "source_service_accounts": [],
            "source_tags": [],
            "target_service_accounts": [],
            "target_tags": [
              "http"
            ],
            "timeouts": null
          },
          "sensitive_attributes": [],
          "private": "eyJlMmJmYjczMC1lY2FhLTExZTYtOGY4OC0zNDM2M2JjN2M0YzAiOnsiY3JlYXRlIjoyNDAwMDAwMDAwMDAsImRlbGV0ZSI6MjQwMDAwMDAwMDAwLCJ1cGRhdGUiOjI0MDAwMDAwMDAwMH0sInNjaGVtYV92ZXJzaW9uIjoiMSJ9"
        }
      ]
    },
    {
      "mode": "managed",
      "type": "google_compute_firewall",
      "name": "allow-ssh",
      "provider": "provider[\"registry.terraform.io/hashicorp/google\"]",
      "instances": [
        {
          "schema_version": 1,
          "attributes": {
            "allow": [
              {
                "ports": [
                  "22"
                ],
                "protocol": "tcp"
              }
            ],
            "creation_timestamp": "2022-01-23T18:24:35.521-08:00",
            "deny": [],
            "description": "",
            "destination_ranges": [],
            "direction": "INGRESS",
            "disabled": false,
            "enable_logging": null,
            "id": "projects/test-339001/global/firewalls/tf-fw-allow-ssh",
            "log_config": [],
            "name": "tf-fw-allow-ssh",
            "network": "https://www.googleapis.com/compute/v1/projects/test-339001/global/networks/default",
            "priority": 1000,
            "project": "test-339001",
            "self_link": "https://www.googleapis.com/compute/v1/projects/test-339001/global/firewalls/tf-fw-allow-ssh",
            "source_ranges": [
              "0.0.0.0/0"
            ],
            "source_service_accounts": [],
            "source_tags": [],
            "target_service_accounts": [],
            "target_tags": [
              "ssh"
            ],
            "timeouts": null
          },
          "sensitive_attributes": [],
          "private": "eyJlMmJmYjczMC1lY2FhLTExZTYtOGY4OC0zNDM2M2JjN2M0YzAiOnsiY3JlYXRlIjoyNDAwMDAwMDAwMDAsImRlbGV0ZSI6MjQwMDAwMDAwMDAwLCJ1cGRhdGUiOjI0MDAwMDAwMDAwMH0sInNjaGVtYV92ZXJzaW9uIjoiMSJ9"
        }
      ]
    },
    {
      "mode": "managed",
      "type": "google_compute_instance",
      "name": "vm-linux",
      "provider": "provider[\"registry.terraform.io/hashicorp/google\"]",
      "instances": [
        {
          "status": "tainted",
          "schema_version": 6,
          "attributes": {
            "advanced_machine_features": [],
            "allow_stopping_for_update": null,
            "attached_disk": [],
            "boot_disk": [
              {
                "auto_delete": true,
                "device_name": "persistent-disk-0",
                "disk_encryption_key_raw": "",
                "disk_encryption_key_sha256": "",
                "initialize_params": [
                  {
                    "image": "https://www.googleapis.com/compute/v1/projects/ubuntu-os-cloud/global/images/ubuntu-2004-focal-v20211212",
                    "labels": {},
                    "size": 10,
                    "type": "pd-standard"
                  }
                ],
                "kms_key_self_link": "",
                "mode": "READ_WRITE",
                "source": "https://www.googleapis.com/compute/v1/projects/test-339001/zones/us-central1-a/disks/vm-linux"
              }
            ],
            "can_ip_forward": false,
            "confidential_instance_config": [],
            "cpu_platform": "Intel Haswell",
            "current_status": "RUNNING",
            "deletion_protection": false,
            "description": "",
            "desired_status": null,
            "enable_display": false,
            "guest_accelerator": [],
            "hostname": "",
            "id": "projects/test-339001/zones/us-central1-a/instances/vm-linux",
            "instance_id": "4760342944354118887",
            "label_fingerprint": "42WmSpB8rSM=",
            "labels": null,
            "machine_type": "n1-standard-1",
            "metadata": {
              "ssh-keys": "rdelvillar:ssh-rsa AAAAB3NzaC1yc2EAAAADAQABAAABgQC6ACKfD8pAtuRCBI7LKBZkRj0Scn0Bx6U9JK05ykCWoMKgUtIRCUirhk5o1REuWinqOpjx8pftiP/qnR7QTM1U1DoS4fBUiHnzmA+Kx4V39ZMpY88QLUOEEFJXpUaovfcohsycSVQoVoSxjR3D/YbEjgmUzSW2Epu73Ya/Uoq4GMf8WBHK7wKp6xsEQdFW2ljKA7RMFU+QFNSILKnqLSK/+ZT2DYdOXP1gV0w5cLBknsK4GZ57XPZvJXs7L5IcmdJ1bGieaJKXJwVbcGHLTgwYkMif5zVGLFWax+U6IzcHPLC+Cv1sTKoH+G1rOMNxMjgfQI5e0+fDlJnrVgfQmgPxsGtAqLd/5FPkSrpT5UuovI9i3tt3vwHo+zmbP0qu+Ej5qh0D4HyKL/WApw2SQrHTITMskChxg1wNE51IOKMdFOX/RsC2LCqKaLDgYhQqLWKZ28PHW/WRpjpDh4ptWeawY7ro+MkijsOs2X4Vf3+0ZGCo/5vdnPqwkZRnqkH7S8s= rdelvillar@DESKTOP-R3M0578\n"
            },
            "metadata_fingerprint": "WaoHg_gpss4=",
            "metadata_startup_script": "",
            "min_cpu_platform": "",
            "name": "vm-linux",
            "network_interface": [
              {
                "access_config": [
                  {
                    "nat_ip": "146.148.33.139",
                    "network_tier": "PREMIUM",
                    "public_ptr_domain_name": ""
                  }
                ],
                "alias_ip_range": [],
                "ipv6_access_config": [],
                "ipv6_access_type": "",
                "name": "nic0",
                "network": "https://www.googleapis.com/compute/v1/projects/test-339001/global/networks/default",
                "network_ip": "10.128.0.16",
                "nic_type": "",
                "stack_type": "IPV4_ONLY",
                "subnetwork": "https://www.googleapis.com/compute/v1/projects/test-339001/regions/us-central1/subnetworks/default",
                "subnetwork_project": "test-339001"
              }
            ],
            "project": "test-339001",
            "reservation_affinity": [],
            "resource_policies": null,
            "scheduling": [
              {
                "automatic_restart": true,
                "min_node_cpus": 0,
                "node_affinities": [],
                "on_host_maintenance": "MIGRATE",
                "preemptible": false
              }
            ],
            "scratch_disk": [],
            "self_link": "https://www.googleapis.com/compute/v1/projects/test-339001/zones/us-central1-a/instances/vm-linux",
            "service_account": [],
            "shielded_instance_config": [
              {
                "enable_integrity_monitoring": true,
                "enable_secure_boot": false,
                "enable_vtpm": true
              }
            ],
            "tags": null,
            "tags_fingerprint": "42WmSpB8rSM=",
            "timeouts": null,
            "zone": "us-central1-a"
          },
          "sensitive_attributes": [],
          "private": "eyJlMmJmYjczMC1lY2FhLTExZTYtOGY4OC0zNDM2M2JjN2M0YzAiOnsiY3JlYXRlIjoxMjAwMDAwMDAwMDAwLCJkZWxldGUiOjEyMDAwMDAwMDAwMDAsInVwZGF0ZSI6MTIwMDAwMDAwMDAwMH0sInNjaGVtYV92ZXJzaW9uIjoiNiJ9"
        }
      ]
    },
    {
      "mode": "managed",
      "type": "random_integer",
      "name": "int",
      "provider": "provider[\"registry.terraform.io/hashicorp/random\"]",
      "instances": [
        {
          "schema_version": 0,
          "attributes": {
            "id": "905417",
            "keepers": null,
            "max": 1000000,
            "min": 100,
            "result": 905417,
            "seed": null
          },
          "sensitive_attributes": [],
          "private": "bnVsbA=="
        }
      ]
    }
  ]
}
